
Microsoft Visual Studio Solution File, Format Version 12.00
# Visual Studio Version 17
VisualStudioVersion = 17.4.33110.190
MinimumVisualStudioVersion = 10.0.40219.1
Project("{FAE04EC0-301F-11D3-BF4B-00C04F79EFBC}") = "chaperone", "chaperone.csproj", "{092374AE-88CB-4F0B-99FD-453C1118CF61}"
EndProject
Global
	GlobalSection(SolutionConfigurationPlatforms) = preSolution
		Debug|Any CPU = Debug|Any CPU
		Release|Any CPU = Release|Any CPU
	EndGlobalSection
	GlobalSection(ProjectConfigurationPlatforms) = postSolution
		{092374AE-88CB-4F0B-99FD-453C1118CF61}.Debug|Any CPU.ActiveCfg = Debug|Any CPU
		{092374AE-88CB-4F0B-99FD-453C1118CF61}.Debug|Any CPU.Build.0 = Debug|Any CPU
		{092374AE-88CB-4F0B-99FD-453C1118CF61}.Release|Any CPU.ActiveCfg = Release|Any CPU
		{092374AE-88CB-4F0B-99FD-453C1118CF61}.Release|Any CPU.Build.0 = Release|Any CPU
	EndGlobalSection
	GlobalSection(SolutionProperties) = preSolution
		HideSolutionNode = FALSE
	EndGlobalSection
	GlobalSection(ExtensibilityGlobals) = postSolution
		SolutionGuid = {2566E8DF-5CD0-445F-9241-62422B2F3440}
	EndGlobalSection
EndGlobal
